github.com/hugo-fixit/fixit-bundle v1.3.0 h1:x4Lj9kmbOPPsR1ig/9nf+YINSPunSW8fvxKGwrZdqbg=
github.com/hugo-fixit/fixit-bundle v1.3.0/go.mod h1:5RpVn+q5N9ITitJVfBC2fPwvbWPezO7VgU1NTtoFYGs=
github.com/hugo-fixit/shortcode-docs-bookmark v1.0.3 h1:OMkbLv4yIifZ/dNUNoIvFhCxOFQNUAAbRkgqe+9aycQ=
github.com/hugo-fixit/shortcode-docs-bookmark v1.0.3/go.mod h1:suLPTLy/z2dvpHMEn9TFE+AxwyuTzmmD87vEiW078wI=
