github.com/hugo-fixit/fixit-bundle v1.2.0 h1:U/FjXeX7bcaqcVlqAtVtuZ3wltFCUU5Oehv2h0ho+jM=
github.com/hugo-fixit/fixit-bundle v1.2.0/go.mod h1:J8b9KyaDogmrkbikuBHhCf9nCHuhjVAJfsD0EAM6iF4=
github.com/hugo-fixit/shortcode-docs-bookmark v1.0.3 h1:OMkbLv4yIifZ/dNUNoIvFhCxOFQNUAAbRkgqe+9aycQ=
github.com/hugo-fixit/shortcode-docs-bookmark v1.0.3/go.mod h1:suLPTLy/z2dvpHMEn9TFE+AxwyuTzmmD87vEiW078wI=
